// !$*UTF8*$!
{
	archiveVersion = 1;
	classes = {
	};
	objectVersion = 56;
	objects = {

/* Begin PBXBuildFile section */
		AF609C222A5358610056E145 /* Loading.swift in Sources */ = {isa = PBXBuildFile; fileRef = AF609C212A5358610056E145 /* Loading.swift */; };
		AF609C242A547E300056E145 /* MatchVC.swift in Sources */ = {isa = PBXBuildFile; fileRef = AF609C232A547E300056E145 /* MatchVC.swift */; };
		AF609C262A54B1310056E145 /* DetalheVC.swift in Sources */ = {isa = PBXBuildFile; fileRef = AF609C252A54B1310056E145 /* DetalheVC.swift */; };
		AF609C282A55E34F0056E145 /* DetalheHeaderView.swift in Sources */ = {isa = PBXBuildFile; fileRef = AF609C272A55E34F0056E145 /* DetalheHeaderView.swift */; };
		AF609C2A2A55EB9A0056E145 /* DetalhePerfilCell.swift in Sources */ = {isa = PBXBuildFile; fileRef = AF609C292A55EB9A0056E145 /* DetalhePerfilCell.swift */; };
		AF609C2C2A5894400056E145 /* DetalheFotosCell.swift in Sources */ = {isa = PBXBuildFile; fileRef = AF609C2B2A5894400056E145 /* DetalheFotosCell.swift */; };
		AF609C2E2A5898D00056E145 /* SlideFotosVC.swift in Sources */ = {isa = PBXBuildFile; fileRef = AF609C2D2A5898D00056E145 /* SlideFotosVC.swift */; };
		AF609C302A58A26B0056E145 /* SlideFotoCell.swift in Sources */ = {isa = PBXBuildFile; fileRef = AF609C2F2A58A26B0056E145 /* SlideFotoCell.swift */; };
		AFD2ABB32A4A0451004053E4 /* AppDelegate.swift in Sources */ = {isa = PBXBuildFile; fileRef = AFD2ABB22A4A0451004053E4 /* AppDelegate.swift */; };
		AFD2ABB52A4A0451004053E4 /* SceneDelegate.swift in Sources */ = {isa = PBXBuildFile; fileRef = AFD2ABB42A4A0451004053E4 /* SceneDelegate.swift */; };
		AFD2ABB72A4A0451004053E4 /* ViewController.swift in Sources */ = {isa = PBXBuildFile; fileRef = AFD2ABB62A4A0451004053E4 /* ViewController.swift */; };
		AFD2ABBA2A4A0451004053E4 /* Main.storyboard in Resources */ = {isa = PBXBuildFile; fileRef = AFD2ABB82A4A0451004053E4 /* Main.storyboard */; };
		AFD2ABBC2A4A0453004053E4 /* Assets.xcassets in Resources */ = {isa = PBXBuildFile; fileRef = AFD2ABBB2A4A0453004053E4 /* Assets.xcassets */; };
		AFD2ABBF2A4A0453004053E4 /* LaunchScreen.storyboard in Resources */ = {isa = PBXBuildFile; fileRef = AFD2ABBD2A4A0453004053E4 /* LaunchScreen.storyboard */; };
		AFD2ABC82A4A0537004053E4 /* CombineVC.swift in Sources */ = {isa = PBXBuildFile; fileRef = AFD2ABC72A4A0537004053E4 /* CombineVC.swift */; };
		AFD2ABCB2A4A0B9F004053E4 /* CombineCardView.swift in Sources */ = {isa = PBXBuildFile; fileRef = AFD2ABCA2A4A0B9F004053E4 /* CombineCardView.swift */; };
		AFD2ABCE2A4A10FC004053E4 /* UIView.swift in Sources */ = {isa = PBXBuildFile; fileRef = AFD2ABCD2A4A10FC004053E4 /* UIView.swift */; };
		AFD2ABD02A4A1532004053E4 /* UILabel.swift in Sources */ = {isa = PBXBuildFile; fileRef = AFD2ABCF2A4A1532004053E4 /* UILabel.swift */; };
		AFD2ABD42A4A23D6004053E4 /* Usuario.swift in Sources */ = {isa = PBXBuildFile; fileRef = AFD2ABD32A4A23D6004053E4 /* Usuario.swift */; };
		AFD2ABD82A4A2AC5004053E4 /* UsuarioService.swift in Sources */ = {isa = PBXBuildFile; fileRef = AFD2ABD72A4A2AC5004053E4 /* UsuarioService.swift */; };
		AFD2ABDA2A4C6371004053E4 /* UIImageView.swift in Sources */ = {isa = PBXBuildFile; fileRef = AFD2ABD92A4C6371004053E4 /* UIImageView.swift */; };
		AFD2ABDC2A4C79C8004053E4 /* UIButton.swift in Sources */ = {isa = PBXBuildFile; fileRef = AFD2ABDB2A4C79C8004053E4 /* UIButton.swift */; };
/* End PBXBuildFile section */

/* Begin PBXFileReference section */
		AF609C212A5358610056E145 /* Loading.swift */ = {isa = PBXFileReference; lastKnownFileType = sourcecode.swift; path = Loading.swift; sourceTree = "<group>"; };
		AF609C232A547E300056E145 /* MatchVC.swift */ = {isa = PBXFileReference; lastKnownFileType = sourcecode.swift; path = MatchVC.swift; sourceTree = "<group>"; };
		AF609C252A54B1310056E145 /* DetalheVC.swift */ = {isa = PBXFileReference; lastKnownFileType = sourcecode.swift; path = DetalheVC.swift; sourceTree = "<group>"; };
		AF609C272A55E34F0056E145 /* DetalheHeaderView.swift */ = {isa = PBXFileReference; lastKnownFileType = sourcecode.swift; path = DetalheHeaderView.swift; sourceTree = "<group>"; };
		AF609C292A55EB9A0056E145 /* DetalhePerfilCell.swift */ = {isa = PBXFileReference; lastKnownFileType = sourcecode.swift; path = DetalhePerfilCell.swift; sourceTree = "<group>"; };
		AF609C2B2A5894400056E145 /* DetalheFotosCell.swift */ = {isa = PBXFileReference; lastKnownFileType = sourcecode.swift; path = DetalheFotosCell.swift; sourceTree = "<group>"; };
		AF609C2D2A5898D00056E145 /* SlideFotosVC.swift */ = {isa = PBXFileReference; lastKnownFileType = sourcecode.swift; path = SlideFotosVC.swift; sourceTree = "<group>"; };
		AF609C2F2A58A26B0056E145 /* SlideFotoCell.swift */ = {isa = PBXFileReference; lastKnownFileType = sourcecode.swift; path = SlideFotoCell.swift; sourceTree = "<group>"; };
		AFD2ABAF2A4A0451004053E4 /* Tinder.app */ = {isa = PBXFileReference; explicitFileType = wrapper.application; includeInIndex = 0; path = Tinder.app; sourceTree = BUILT_PRODUCTS_DIR; };
		AFD2ABB22A4A0451004053E4 /* AppDelegate.swift */ = {isa = PBXFileReference; lastKnownFileType = sourcecode.swift; path = AppDelegate.swift; sourceTree = "<group>"; };
		AFD2ABB42A4A0451004053E4 /* SceneDelegate.swift */ = {isa = PBXFileReference; lastKnownFileType = sourcecode.swift; path = SceneDelegate.swift; sourceTree = "<group>"; };
		AFD2ABB62A4A0451004053E4 /* ViewController.swift */ = {isa = PBXFileReference; lastKnownFileType = sourcecode.swift; path = ViewController.swift; sourceTree = "<group>"; };
		AFD2ABB92A4A0451004053E4 /* Base */ = {isa = PBXFileReference; lastKnownFileType = file.storyboard; name = Base; path = Base.lproj/Main.storyboard; sourceTree = "<group>"; };
		AFD2ABBB2A4A0453004053E4 /* Assets.xcassets */ = {isa = PBXFileReference; lastKnownFileType = folder.assetcatalog; path = Assets.xcassets; sourceTree = "<group>"; };
		AFD2ABBE2A4A0453004053E4 /* Base */ = {isa = PBXFileReference; lastKnownFileType = file.storyboard; name = Base; path = Base.lproj/LaunchScreen.storyboard; sourceTree = "<group>"; };
		AFD2ABC02A4A0453004053E4 /* Info.plist */ = {isa = PBXFileReference; lastKnownFileType = text.plist.xml; path = Info.plist; sourceTree = "<group>"; };
		AFD2ABC72A4A0537004053E4 /* CombineVC.swift */ = {isa = PBXFileReference; lastKnownFileType = sourcecode.swift; path = CombineVC.swift; sourceTree = "<group>"; };
		AFD2ABCA2A4A0B9F004053E4 /* CombineCardView.swift */ = {isa = PBXFileReference; lastKnownFileType = sourcecode.swift; path = CombineCardView.swift; sourceTree = "<group>"; };
		AFD2ABCD2A4A10FC004053E4 /* UIView.swift */ = {isa = PBXFileReference; fileEncoding = 4; lastKnownFileType = sourcecode.swift; path = UIView.swift; sourceTree = "<group>"; };
		AFD2ABCF2A4A1532004053E4 /* UILabel.swift */ = {isa = PBXFileReference; lastKnownFileType = sourcecode.swift; path = UILabel.swift; sourceTree = "<group>"; };
		AFD2ABD32A4A23D6004053E4 /* Usuario.swift */ = {isa = PBXFileReference; lastKnownFileType = sourcecode.swift; path = Usuario.swift; sourceTree = "<group>"; };
		AFD2ABD72A4A2AC5004053E4 /* UsuarioService.swift */ = {isa = PBXFileReference; lastKnownFileType = sourcecode.swift; path = UsuarioService.swift; sourceTree = "<group>"; };
		AFD2ABD92A4C6371004053E4 /* UIImageView.swift */ = {isa = PBXFileReference; lastKnownFileType = sourcecode.swift; path = UIImageView.swift; sourceTree = "<group>"; };
		AFD2ABDB2A4C79C8004053E4 /* UIButton.swift */ = {isa = PBXFileReference; lastKnownFileType = sourcecode.swift; path = UIButton.swift; sourceTree = "<group>"; };
/* End PBXFileReference section */

/* Begin PBXFrameworksBuildPhase section */
		AFD2ABAC2A4A0451004053E4 /* Frameworks */ = {
			isa = PBXFrameworksBuildPhase;
			buildActionMask = 2147483647;
			files = (
			);
			runOnlyForDeploymentPostprocessing = 0;
		};
/* End PBXFrameworksBuildPhase section */

/* Begin PBXGroup section */
		AFD2ABA62A4A0451004053E4 = {
			isa = PBXGroup;
			children = (
				AFD2ABB12A4A0451004053E4 /* Tinder */,
				AFD2ABB02A4A0451004053E4 /* Products */,
			);
			sourceTree = "<group>";
		};
		AFD2ABB02A4A0451004053E4 /* Products */ = {
			isa = PBXGroup;
			children = (
				AFD2ABAF2A4A0451004053E4 /* Tinder.app */,
			);
			name = Products;
			sourceTree = "<group>";
		};
		AFD2ABB12A4A0451004053E4 /* Tinder */ = {
			isa = PBXGroup;
			children = (
				AFD2ABD52A4A25EA004053E4 /* Service */,
				AFD2ABD22A4A23C1004053E4 /* Model */,
				AFD2ABCC2A4A109D004053E4 /* Lib */,
				AFD2ABC92A4A0B82004053E4 /* View */,
				AFD2ABC62A4A0519004053E4 /* Controller */,
				AFD2ABB22A4A0451004053E4 /* AppDelegate.swift */,
				AFD2ABB42A4A0451004053E4 /* SceneDelegate.swift */,
				AFD2ABB62A4A0451004053E4 /* ViewController.swift */,
				AFD2ABB82A4A0451004053E4 /* Main.storyboard */,
				AFD2ABBB2A4A0453004053E4 /* Assets.xcassets */,
				AFD2ABBD2A4A0453004053E4 /* LaunchScreen.storyboard */,
				AFD2ABC02A4A0453004053E4 /* Info.plist */,
			);
			path = Tinder;
			sourceTree = "<group>";
		};
		AFD2ABC62A4A0519004053E4 /* Controller */ = {
			isa = PBXGroup;
			children = (
				AFD2ABC72A4A0537004053E4 /* CombineVC.swift */,
				AF609C232A547E300056E145 /* MatchVC.swift */,
				AF609C252A54B1310056E145 /* DetalheVC.swift */,
				AF609C2D2A5898D00056E145 /* SlideFotosVC.swift */,
			);
			path = Controller;
			sourceTree = "<group>";
		};
		AFD2ABC92A4A0B82004053E4 /* View */ = {
			isa = PBXGroup;
			children = (
				AF609C292A55EB9A0056E145 /* DetalhePerfilCell.swift */,
				AFD2ABCA2A4A0B9F004053E4 /* CombineCardView.swift */,
				AF609C212A5358610056E145 /* Loading.swift */,
				AF609C272A55E34F0056E145 /* DetalheHeaderView.swift */,
				AF609C2B2A5894400056E145 /* DetalheFotosCell.swift */,
				AF609C2F2A58A26B0056E145 /* SlideFotoCell.swift */,
			);
			path = View;
			sourceTree = "<group>";
		};
		AFD2ABCC2A4A109D004053E4 /* Lib */ = {
			isa = PBXGroup;
			children = (
				AFD2ABCD2A4A10FC004053E4 /* UIView.swift */,
				AFD2ABCF2A4A1532004053E4 /* UILabel.swift */,
				AFD2ABD92A4C6371004053E4 /* UIImageView.swift */,
				AFD2ABDB2A4C79C8004053E4 /* UIButton.swift */,
			);
			path = Lib;
			sourceTree = "<group>";
		};
		AFD2ABD22A4A23C1004053E4 /* Model */ = {
			isa = PBXGroup;
			children = (
				AFD2ABD32A4A23D6004053E4 /* Usuario.swift */,
			);
			path = Model;
			sourceTree = "<group>";
		};
		AFD2ABD52A4A25EA004053E4 /* Service */ = {
			isa = PBXGroup;
			children = (
				AFD2ABD72A4A2AC5004053E4 /* UsuarioService.swift */,
			);
			path = Service;
			sourceTree = "<group>";
		};
/* End PBXGroup section */

/* Begin PBXNativeTarget section */
		AFD2ABAE2A4A0451004053E4 /* Tinder */ = {
			isa = PBXNativeTarget;
			buildConfigurationList = AFD2ABC32A4A0453004053E4 /* Build configuration list for PBXNativeTarget "Tinder" */;
			buildPhases = (
				AFD2ABAB2A4A0451004053E4 /* Sources */,
				AFD2ABAC2A4A0451004053E4 /* Frameworks */,
				AFD2ABAD2A4A0451004053E4 /* Resources */,
			);
			buildRules = (
			);
			dependencies = (
			);
			name = Tinder;
			productName = Tinder;
			productReference = AFD2ABAF2A4A0451004053E4 /* Tinder.app */;
			productType = "com.apple.product-type.application";
		};
/* End PBXNativeTarget section */

/* Begin PBXProject section */
		AFD2ABA72A4A0451004053E4 /* Project object */ = {
			isa = PBXProject;
			attributes = {
				BuildIndependentTargetsInParallel = 1;
				LastSwiftUpdateCheck = 1430;
				LastUpgradeCheck = 1430;
				TargetAttributes = {
					AFD2ABAE2A4A0451004053E4 = {
						CreatedOnToolsVersion = 14.3.1;
					};
				};
			};
			buildConfigurationList = AFD2ABAA2A4A0451004053E4 /* Build configuration list for PBXProject "Tinder" */;
			compatibilityVersion = "Xcode 14.0";
			developmentRegion = en;
			hasScannedForEncodings = 0;
			knownRegions = (
				en,
				Base,
			);
			mainGroup = AFD2ABA62A4A0451004053E4;
			productRefGroup = AFD2ABB02A4A0451004053E4 /* Products */;
			projectDirPath = "";
			projectRoot = "";
			targets = (
				AFD2ABAE2A4A0451004053E4 /* Tinder */,
			);
		};
/* End PBXProject section */

/* Begin PBXResourcesBuildPhase section */
		AFD2ABAD2A4A0451004053E4 /* Resources */ = {
			isa = PBXResourcesBuildPhase;
			buildActionMask = 2147483647;
			files = (
				AFD2ABBF2A4A0453004053E4 /* LaunchScreen.storyboard in Resources */,
				AFD2ABBC2A4A0453004053E4 /* Assets.xcassets in Resources */,
				AFD2ABBA2A4A0451004053E4 /* Main.storyboard in Resources */,
			);
			runOnlyForDeploymentPostprocessing = 0;
		};
/* End PBXResourcesBuildPhase section */

/* Begin PBXSourcesBuildPhase section */
		AFD2ABAB2A4A0451004053E4 /* Sources */ = {
			isa = PBXSourcesBuildPhase;
			buildActionMask = 2147483647;
			files = (
				AF609C2E2A5898D00056E145 /* SlideFotosVC.swift in Sources */,
				AFD2ABD82A4A2AC5004053E4 /* UsuarioService.swift in Sources */,
				AFD2ABD42A4A23D6004053E4 /* Usuario.swift in Sources */,
				AFD2ABC82A4A0537004053E4 /* CombineVC.swift in Sources */,
				AFD2ABB72A4A0451004053E4 /* ViewController.swift in Sources */,
				AFD2ABD02A4A1532004053E4 /* UILabel.swift in Sources */,
				AFD2ABCB2A4A0B9F004053E4 /* CombineCardView.swift in Sources */,
				AF609C262A54B1310056E145 /* DetalheVC.swift in Sources */,
				AFD2ABDA2A4C6371004053E4 /* UIImageView.swift in Sources */,
				AFD2ABB32A4A0451004053E4 /* AppDelegate.swift in Sources */,
				AFD2ABDC2A4C79C8004053E4 /* UIButton.swift in Sources */,
				AF609C2C2A5894400056E145 /* DetalheFotosCell.swift in Sources */,
				AFD2ABCE2A4A10FC004053E4 /* UIView.swift in Sources */,
				AF609C302A58A26B0056E145 /* SlideFotoCell.swift in Sources */,
				AF609C2A2A55EB9A0056E145 /* DetalhePerfilCell.swift in Sources */,
				AF609C282A55E34F0056E145 /* DetalheHeaderView.swift in Sources */,
				AF609C242A547E300056E145 /* MatchVC.swift in Sources */,
				AF609C222A5358610056E145 /* Loading.swift in Sources */,
				AFD2ABB52A4A0451004053E4 /* SceneDelegate.swift in Sources */,
			);
			runOnlyForDeploymentPostprocessing = 0;
		};
/* End PBXSourcesBuildPhase section */

/* Begin PBXVariantGroup section */
		AFD2ABB82A4A0451004053E4 /* Main.storyboard */ = {
			isa = PBXVariantGroup;
			children = (
				AFD2ABB92A4A0451004053E4 /* Base */,
			);
			name = Main.storyboard;
			sourceTree = "<group>";
		};
		AFD2ABBD2A4A0453004053E4 /* LaunchScreen.storyboard */ = {
			isa = PBXVariantGroup;
			children = (
				AFD2ABBE2A4A0453004053E4 /* Base */,
			);
			name = LaunchScreen.storyboard;
			sourceTree = "<group>";
		};
/* End PBXVariantGroup section */

/* Begin XCBuildConfiguration section */
		AFD2ABC12A4A0453004053E4 /* Debug */ = {
			isa = XCBuildConfiguration;
			buildSettings = {
				ALWAYS_SEARCH_USER_PATHS = NO;
				CLANG_ANALYZER_NONNULL = YES;
				CLANG_ANALYZER_NUMBER_OBJECT_CONVERSION = YES_AGGRESSIVE;
				CLANG_CXX_LANGUAGE_STANDARD = "gnu++20";
				CLANG_ENABLE_MODULES = YES;
				CLANG_ENABLE_OBJC_ARC = YES;
				CLANG_ENABLE_OBJC_WEAK = YES;
				CLANG_WARN_BLOCK_CAPTURE_AUTORELEASING = YES;
				CLANG_WARN_BOOL_CONVERSION = YES;
				CLANG_WARN_COMMA = YES;
				CLANG_WARN_CONSTANT_CONVERSION = YES;
				CLANG_WARN_DEPRECATED_OBJC_IMPLEMENTATIONS = YES;
				CLANG_WARN_DIRECT_OBJC_ISA_USAGE = YES_ERROR;
				CLANG_WARN_DOCUMENTATION_COMMENTS = YES;
				CLANG_WARN_EMPTY_BODY = YES;
				CLANG_WARN_ENUM_CONVERSION = YES;
				CLANG_WARN_INFINITE_RECURSION = YES;
				CLANG_WARN_INT_CONVERSION = YES;
				CLANG_WARN_NON_LITERAL_NULL_CONVERSION = YES;
				CLANG_WARN_OBJC_IMPLICIT_RETAIN_SELF = YES;
				CLANG_WARN_OBJC_LITERAL_CONVERSION = YES;
				CLANG_WARN_OBJC_ROOT_CLASS = YES_ERROR;
				CLANG_WARN_QUOTED_INCLUDE_IN_FRAMEWORK_HEADER = YES;
				CLANG_WARN_RANGE_LOOP_ANALYSIS = YES;
				CLANG_WARN_STRICT_PROTOTYPES = YES;
				CLANG_WARN_SUSPICIOUS_MOVE = YES;
				CLANG_WARN_UNGUARDED_AVAILABILITY = YES_AGGRESSIVE;
				CLANG_WARN_UNREACHABLE_CODE = YES;
				CLANG_WARN__DUPLICATE_METHOD_MATCH = YES;
				COPY_PHASE_STRIP = NO;
				DEBUG_INFORMATION_FORMAT = dwarf;
				ENABLE_STRICT_OBJC_MSGSEND = YES;
				ENABLE_TESTABILITY = YES;
				GCC_C_LANGUAGE_STANDARD = gnu11;
				GCC_DYNAMIC_NO_PIC = NO;
				GCC_NO_COMMON_BLOCKS = YES;
				GCC_OPTIMIZATION_LEVEL = 0;
				GCC_PREPROCESSOR_DEFINITIONS = (
					"DEBUG=1",
					"$(inherited)",
				);
				GCC_WARN_64_TO_32_BIT_CONVERSION = YES;
				GCC_WARN_ABOUT_RETURN_TYPE = YES_ERROR;
				GCC_WARN_UNDECLARED_SELECTOR = YES;
				GCC_WARN_UNINITIALIZED_AUTOS = YES_AGGRESSIVE;
				GCC_WARN_UNUSED_FUNCTION = YES;
				GCC_WARN_UNUSED_VARIABLE = YES;
				IPHONEOS_DEPLOYMENT_TARGET = 16.4;
				MTL_ENABLE_DEBUG_INFO = INCLUDE_SOURCE;
				MTL_FAST_MATH = YES;
				ONLY_ACTIVE_ARCH = YES;
				SDKROOT = iphoneos;
				SWIFT_ACTIVE_COMPILATION_CONDITIONS = DEBUG;
				SWIFT_OPTIMIZATION_LEVEL = "-Onone";
			};
			name = Debug;
		};
		AFD2ABC22A4A0453004053E4 /* Release */ = {
			isa = XCBuildConfiguration;
			buildSettings = {
				ALWAYS_SEARCH_USER_PATHS = NO;
				CLANG_ANALYZER_NONNULL = YES;
				CLANG_ANALYZER_NUMBER_OBJECT_CONVERSION = YES_AGGRESSIVE;
				CLANG_CXX_LANGUAGE_STANDARD = "gnu++20";
				CLANG_ENABLE_MODULES = YES;
				CLANG_ENABLE_OBJC_ARC = YES;
				CLANG_ENABLE_OBJC_WEAK = YES;
				CLANG_WARN_BLOCK_CAPTURE_AUTORELEASING = YES;
				CLANG_WARN_BOOL_CONVERSION = YES;
				CLANG_WARN_COMMA = YES;
				CLANG_WARN_CONSTANT_CONVERSION = YES;
				CLANG_WARN_DEPRECATED_OBJC_IMPLEMENTATIONS = YES;
				CLANG_WARN_DIRECT_OBJC_ISA_USAGE = YES_ERROR;
				CLANG_WARN_DOCUMENTATION_COMMENTS = YES;
				CLANG_WARN_EMPTY_BODY = YES;
				CLANG_WARN_ENUM_CONVERSION = YES;
				CLANG_WARN_INFINITE_RECURSION = YES;
				CLANG_WARN_INT_CONVERSION = YES;
				CLANG_WARN_NON_LITERAL_NULL_CONVERSION = YES;
				CLANG_WARN_OBJC_IMPLICIT_RETAIN_SELF = YES;
				CLANG_WARN_OBJC_LITERAL_CONVERSION = YES;
				CLANG_WARN_OBJC_ROOT_CLASS = YES_ERROR;
				CLANG_WARN_QUOTED_INCLUDE_IN_FRAMEWORK_HEADER = YES;
				CLANG_WARN_RANGE_LOOP_ANALYSIS = YES;
				CLANG_WARN_STRICT_PROTOTYPES = YES;
				CLANG_WARN_SUSPICIOUS_MOVE = YES;
				CLANG_WARN_UNGUARDED_AVAILABILITY = YES_AGGRESSIVE;
				CLANG_WARN_UNREACHABLE_CODE = YES;
				CLANG_WARN__DUPLICATE_METHOD_MATCH = YES;
				COPY_PHASE_STRIP = NO;
				DEBUG_INFORMATION_FORMAT = "dwarf-with-dsym";
				ENABLE_NS_ASSERTIONS = NO;
				ENABLE_STRICT_OBJC_MSGSEND = YES;
				GCC_C_LANGUAGE_STANDARD = gnu11;
				GCC_NO_COMMON_BLOCKS = YES;
				GCC_WARN_64_TO_32_BIT_CONVERSION = YES;
				GCC_WARN_ABOUT_RETURN_TYPE = YES_ERROR;
				GCC_WARN_UNDECLARED_SELECTOR = YES;
				GCC_WARN_UNINITIALIZED_AUTOS = YES_AGGRESSIVE;
				GCC_WARN_UNUSED_FUNCTION = YES;
				GCC_WARN_UNUSED_VARIABLE = YES;
				IPHONEOS_DEPLOYMENT_TARGET = 16.4;
				MTL_ENABLE_DEBUG_INFO = NO;
				MTL_FAST_MATH = YES;
				SDKROOT = iphoneos;
				SWIFT_COMPILATION_MODE = wholemodule;
				SWIFT_OPTIMIZATION_LEVEL = "-O";
				VALIDATE_PRODUCT = YES;
			};
			name = Release;
		};
		AFD2ABC42A4A0453004053E4 /* Debug */ = {
			isa = XCBuildConfiguration;
			buildSettings = {
				ASSETCATALOG_COMPILER_APPICON_NAME = AppIcon;
				ASSETCATALOG_COMPILER_GLOBAL_ACCENT_COLOR_NAME = AccentColor;
				CODE_SIGN_STYLE = Automatic;
				CURRENT_PROJECT_VERSION = 1;
				DEVELOPMENT_TEAM = CMKSP255FM;
				GENERATE_INFOPLIST_FILE = YES;
				INFOPLIST_FILE = Tinder/Info.plist;
				INFOPLIST_KEY_UIApplicationSupportsIndirectInputEvents = YES;
				INFOPLIST_KEY_UILaunchStoryboardName = LaunchScreen;
				INFOPLIST_KEY_UIMainStoryboardFile = Main;
				INFOPLIST_KEY_UISupportedInterfaceOrientations_iPad = "UIInterfaceOrientationPortrait UIInterfaceOrientationPortraitUpsideDown UIInterfaceOrientationLandscapeLeft UIInterfaceOrientationLandscapeRight";
				INFOPLIST_KEY_UISupportedInterfaceOrientations_iPhone = "UIInterfaceOrientationPortrait UIInterfaceOrientationLandscapeLeft UIInterfaceOrientationLandscapeRight";
				LD_RUNPATH_SEARCH_PATHS = (
					"$(inherited)",
					"@executable_path/Frameworks",
				);
				MARKETING_VERSION = 1.0;
				PRODUCT_BUNDLE_IDENTIFIER = com.kaduvuotto.Tinder;
				PRODUCT_NAME = "$(TARGET_NAME)";
				SWIFT_EMIT_LOC_STRINGS = YES;
				SWIFT_VERSION = 5.0;
				TARGETED_DEVICE_FAMILY = "1,2";
			};
			name = Debug;
		};
		AFD2ABC52A4A0453004053E4 /* Release */ = {
			isa = XCBuildConfiguration;
			buildSettings = {
				ASSETCATALOG_COMPILER_APPICON_NAME = AppIcon;
				ASSETCATALOG_COMPILER_GLOBAL_ACCENT_COLOR_NAME = AccentColor;
				CODE_SIGN_STYLE = Automatic;
				CURRENT_PROJECT_VERSION = 1;
				DEVELOPMENT_TEAM = CMKSP255FM;
				GENERATE_INFOPLIST_FILE = YES;
				INFOPLIST_FILE = Tinder/Info.plist;
				INFOPLIST_KEY_UIApplicationSupportsIndirectInputEvents = YES;
				INFOPLIST_KEY_UILaunchStoryboardName = LaunchScreen;
				INFOPLIST_KEY_UIMainStoryboardFile = Main;
				INFOPLIST_KEY_UISupportedInterfaceOrientations_iPad = "UIInterfaceOrientationPortrait UIInterfaceOrientationPortraitUpsideDown UIInterfaceOrientationLandscapeLeft UIInterfaceOrientationLandscapeRight";
				INFOPLIST_KEY_UISupportedInterfaceOrientations_iPhone = "UIInterfaceOrientationPortrait UIInterfaceOrientationLandscapeLeft UIInterfaceOrientationLandscapeRight";
				LD_RUNPATH_SEARCH_PATHS = (
					"$(inherited)",
					"@executable_path/Frameworks",
				);
				MARKETING_VERSION = 1.0;
				PRODUCT_BUNDLE_IDENTIFIER = com.kaduvuotto.Tinder;
				PRODUCT_NAME = "$(TARGET_NAME)";
				SWIFT_EMIT_LOC_STRINGS = YES;
				SWIFT_VERSION = 5.0;
				TARGETED_DEVICE_FAMILY = "1,2";
			};
			name = Release;
		};
/* End XCBuildConfiguration section */

/* Begin XCConfigurationList section */
		AFD2ABAA2A4A0451004053E4 /* Build configuration list for PBXProject "Tinder" */ = {
			isa = XCConfigurationList;
			buildConfigurations = (
				AFD2ABC12A4A0453004053E4 /* Debug */,
				AFD2ABC22A4A0453004053E4 /* Release */,
			);
			defaultConfigurationIsVisible = 0;
			defaultConfigurationName = Release;
		};
		AFD2ABC32A4A0453004053E4 /* Build configuration list for PBXNativeTarget "Tinder" */ = {
			isa = XCConfigurationList;
			buildConfigurations = (
				AFD2ABC42A4A0453004053E4 /* Debug */,
				AFD2ABC52A4A0453004053E4 /* Release */,
			);
			defaultConfigurationIsVisible = 0;
			defaultConfigurationName = Release;
		};
/* End XCConfigurationList section */
	};
	rootObject = AFD2ABA72A4A0451004053E4 /* Project object */;
}
